// !$*UTF8*$!
{
	archiveVersion = 1;
	classes = {
	};
	objectVersion = 56;
	objects = {

/* Begin PBXBuildFile section */
		7E06030429E36B8300FAF609 /* LocationCollectionViewCell.swift in Sources */ = {isa = PBXBuildFile; fileRef = 7E06030329E36B8300FAF609 /* LocationCollectionViewCell.swift */; };
		7E06030629E36CD500FAF609 /* LocationCollectionViewCellViewModel.swift in Sources */ = {isa = PBXBuildFile; fileRef = 7E06030529E36CD400FAF609 /* LocationCollectionViewCellViewModel.swift */; };
		7E55BFEC29DF53F600B8A066 /* GetAllCharactersResponse.swift in Sources */ = {isa = PBXBuildFile; fileRef = 7E55BFEB29DF53F600B8A066 /* GetAllCharactersResponse.swift */; };
		7E55BFEE29DF568400B8A066 /* CharacterListViewModel.swift in Sources */ = {isa = PBXBuildFile; fileRef = 7E55BFED29DF568400B8A066 /* CharacterListViewModel.swift */; };
		7E55BFF029DF573200B8A066 /* CharacterListView.swift in Sources */ = {isa = PBXBuildFile; fileRef = 7E55BFEF29DF573200B8A066 /* CharacterListView.swift */; };
		7E55BFF229DF735200B8A066 /* CharacterCollectionViewCell.swift in Sources */ = {isa = PBXBuildFile; fileRef = 7E55BFF129DF735200B8A066 /* CharacterCollectionViewCell.swift */; };
		7E55BFF429DF746700B8A066 /* CharacterCollectionViewCellViewModel.swift in Sources */ = {isa = PBXBuildFile; fileRef = 7E55BFF329DF746700B8A066 /* CharacterCollectionViewCellViewModel.swift */; };
		7E55BFF629DF7AF600B8A066 /* ImageLoader.swift in Sources */ = {isa = PBXBuildFile; fileRef = 7E55BFF529DF7AF600B8A066 /* ImageLoader.swift */; };
		7E55BFF829DF7EBA00B8A066 /* FooterLoadingCollectionReusableView.swift in Sources */ = {isa = PBXBuildFile; fileRef = 7E55BFF729DF7EBA00B8A066 /* FooterLoadingCollectionReusableView.swift */; };
		7EE59D5629DDF11C00BF55AA /* AppDelegate.swift in Sources */ = {isa = PBXBuildFile; fileRef = 7EE59D5529DDF11C00BF55AA /* AppDelegate.swift */; };
		7EE59D5829DDF11C00BF55AA /* SceneDelegate.swift in Sources */ = {isa = PBXBuildFile; fileRef = 7EE59D5729DDF11C00BF55AA /* SceneDelegate.swift */; };
		7EE59D5A29DDF11C00BF55AA /* ViewController.swift in Sources */ = {isa = PBXBuildFile; fileRef = 7EE59D5929DDF11C00BF55AA /* ViewController.swift */; };
		7EE59D5D29DDF11C00BF55AA /* Main.storyboard in Resources */ = {isa = PBXBuildFile; fileRef = 7EE59D5B29DDF11C00BF55AA /* Main.storyboard */; };
		7EE59D5F29DDF11D00BF55AA /* Assets.xcassets in Resources */ = {isa = PBXBuildFile; fileRef = 7EE59D5E29DDF11D00BF55AA /* Assets.xcassets */; };
		7EE59D6229DDF11D00BF55AA /* LaunchScreen.storyboard in Resources */ = {isa = PBXBuildFile; fileRef = 7EE59D6029DDF11D00BF55AA /* LaunchScreen.storyboard */; };
		7EE59D7329DDF2CB00BF55AA /* Location.swift in Sources */ = {isa = PBXBuildFile; fileRef = 7EE59D7229DDF2CB00BF55AA /* Location.swift */; };
		7EE59D7529DDF2D800BF55AA /* Character.swift in Sources */ = {isa = PBXBuildFile; fileRef = 7EE59D7429DDF2D800BF55AA /* Character.swift */; };
		7EE59D7729DDF33900BF55AA /* CharacterDetailViewController.swift in Sources */ = {isa = PBXBuildFile; fileRef = 7EE59D7629DDF33900BF55AA /* CharacterDetailViewController.swift */; };
		7EE59D7929DDFE0800BF55AA /* Service.swift in Sources */ = {isa = PBXBuildFile; fileRef = 7EE59D7829DDFE0800BF55AA /* Service.swift */; };
		7EE59D7B29DDFE3100BF55AA /* Request.swift in Sources */ = {isa = PBXBuildFile; fileRef = 7EE59D7A29DDFE3100BF55AA /* Request.swift */; };
		7EE59D7D29DDFF0A00BF55AA /* Endpoint.swift in Sources */ = {isa = PBXBuildFile; fileRef = 7EE59D7C29DDFF0A00BF55AA /* Endpoint.swift */; };
		7EE59D7F29DE074600BF55AA /* CharacterStatus.swift in Sources */ = {isa = PBXBuildFile; fileRef = 7EE59D7E29DE074600BF55AA /* CharacterStatus.swift */; };
		7EE59D8129DE075700BF55AA /* CharacterGender.swift in Sources */ = {isa = PBXBuildFile; fileRef = 7EE59D8029DE075700BF55AA /* CharacterGender.swift */; };
		7EE59D8329DE076700BF55AA /* Origin.swift in Sources */ = {isa = PBXBuildFile; fileRef = 7EE59D8229DE076700BF55AA /* Origin.swift */; };
		7EE59D8529DE077900BF55AA /* SingleLocation.swift in Sources */ = {isa = PBXBuildFile; fileRef = 7EE59D8429DE077900BF55AA /* SingleLocation.swift */; };
/* End PBXBuildFile section */

/* Begin PBXFileReference section */
		7E06030329E36B8300FAF609 /* LocationCollectionViewCell.swift */ = {isa = PBXFileReference; lastKnownFileType = sourcecode.swift; path = LocationCollectionViewCell.swift; sourceTree = "<group>"; };
		7E06030529E36CD400FAF609 /* LocationCollectionViewCellViewModel.swift */ = {isa = PBXFileReference; lastKnownFileType = sourcecode.swift; path = LocationCollectionViewCellViewModel.swift; sourceTree = "<group>"; };
		7E55BFEB29DF53F600B8A066 /* GetAllCharactersResponse.swift */ = {isa = PBXFileReference; lastKnownFileType = sourcecode.swift; path = GetAllCharactersResponse.swift; sourceTree = "<group>"; };
		7E55BFED29DF568400B8A066 /* CharacterListViewModel.swift */ = {isa = PBXFileReference; lastKnownFileType = sourcecode.swift; path = CharacterListViewModel.swift; sourceTree = "<group>"; };
		7E55BFEF29DF573200B8A066 /* CharacterListView.swift */ = {isa = PBXFileReference; lastKnownFileType = sourcecode.swift; path = CharacterListView.swift; sourceTree = "<group>"; };
		7E55BFF129DF735200B8A066 /* CharacterCollectionViewCell.swift */ = {isa = PBXFileReference; lastKnownFileType = sourcecode.swift; path = CharacterCollectionViewCell.swift; sourceTree = "<group>"; };
		7E55BFF329DF746700B8A066 /* CharacterCollectionViewCellViewModel.swift */ = {isa = PBXFileReference; lastKnownFileType = sourcecode.swift; path = CharacterCollectionViewCellViewModel.swift; sourceTree = "<group>"; };
		7E55BFF529DF7AF600B8A066 /* ImageLoader.swift */ = {isa = PBXFileReference; lastKnownFileType = sourcecode.swift; path = ImageLoader.swift; sourceTree = "<group>"; };
		7E55BFF729DF7EBA00B8A066 /* FooterLoadingCollectionReusableView.swift */ = {isa = PBXFileReference; lastKnownFileType = sourcecode.swift; path = FooterLoadingCollectionReusableView.swift; sourceTree = "<group>"; };
		7EE59D5229DDF11C00BF55AA /* RickAndMorty.app */ = {isa = PBXFileReference; explicitFileType = wrapper.application; includeInIndex = 0; path = RickAndMorty.app; sourceTree = BUILT_PRODUCTS_DIR; };
		7EE59D5529DDF11C00BF55AA /* AppDelegate.swift */ = {isa = PBXFileReference; lastKnownFileType = sourcecode.swift; path = AppDelegate.swift; sourceTree = "<group>"; };
		7EE59D5729DDF11C00BF55AA /* SceneDelegate.swift */ = {isa = PBXFileReference; lastKnownFileType = sourcecode.swift; path = SceneDelegate.swift; sourceTree = "<group>"; };
		7EE59D5929DDF11C00BF55AA /* ViewController.swift */ = {isa = PBXFileReference; lastKnownFileType = sourcecode.swift; path = ViewController.swift; sourceTree = "<group>"; };
		7EE59D5C29DDF11C00BF55AA /* Base */ = {isa = PBXFileReference; lastKnownFileType = file.storyboard; name = Base; path = Base.lproj/Main.storyboard; sourceTree = "<group>"; };
		7EE59D5E29DDF11D00BF55AA /* Assets.xcassets */ = {isa = PBXFileReference; lastKnownFileType = folder.assetcatalog; path = Assets.xcassets; sourceTree = "<group>"; };
		7EE59D6129DDF11D00BF55AA /* Base */ = {isa = PBXFileReference; lastKnownFileType = file.storyboard; name = Base; path = Base.lproj/LaunchScreen.storyboard; sourceTree = "<group>"; };
		7EE59D6329DDF11D00BF55AA /* Info.plist */ = {isa = PBXFileReference; lastKnownFileType = text.plist.xml; path = Info.plist; sourceTree = "<group>"; };
		7EE59D7229DDF2CB00BF55AA /* Location.swift */ = {isa = PBXFileReference; lastKnownFileType = sourcecode.swift; path = Location.swift; sourceTree = "<group>"; };
		7EE59D7429DDF2D800BF55AA /* Character.swift */ = {isa = PBXFileReference; lastKnownFileType = sourcecode.swift; path = Character.swift; sourceTree = "<group>"; };
		7EE59D7629DDF33900BF55AA /* CharacterDetailViewController.swift */ = {isa = PBXFileReference; lastKnownFileType = sourcecode.swift; path = CharacterDetailViewController.swift; sourceTree = "<group>"; };
		7EE59D7829DDFE0800BF55AA /* Service.swift */ = {isa = PBXFileReference; lastKnownFileType = sourcecode.swift; path = Service.swift; sourceTree = "<group>"; };
		7EE59D7A29DDFE3100BF55AA /* Request.swift */ = {isa = PBXFileReference; lastKnownFileType = sourcecode.swift; path = Request.swift; sourceTree = "<group>"; };
		7EE59D7C29DDFF0A00BF55AA /* Endpoint.swift */ = {isa = PBXFileReference; lastKnownFileType = sourcecode.swift; path = Endpoint.swift; sourceTree = "<group>"; };
		7EE59D7E29DE074600BF55AA /* CharacterStatus.swift */ = {isa = PBXFileReference; lastKnownFileType = sourcecode.swift; path = CharacterStatus.swift; sourceTree = "<group>"; };
		7EE59D8029DE075700BF55AA /* CharacterGender.swift */ = {isa = PBXFileReference; lastKnownFileType = sourcecode.swift; path = CharacterGender.swift; sourceTree = "<group>"; };
		7EE59D8229DE076700BF55AA /* Origin.swift */ = {isa = PBXFileReference; lastKnownFileType = sourcecode.swift; path = Origin.swift; sourceTree = "<group>"; };
		7EE59D8429DE077900BF55AA /* SingleLocation.swift */ = {isa = PBXFileReference; lastKnownFileType = sourcecode.swift; path = SingleLocation.swift; sourceTree = "<group>"; };
/* End PBXFileReference section */

/* Begin PBXFrameworksBuildPhase section */
		7EE59D4F29DDF11C00BF55AA /* Frameworks */ = {
			isa = PBXFrameworksBuildPhase;
			buildActionMask = 2147483647;
			files = (
			);
			runOnlyForDeploymentPostprocessing = 0;
		};
/* End PBXFrameworksBuildPhase section */

/* Begin PBXGroup section */
		7E55BFE829DF537300B8A066 /* Data */ = {
			isa = PBXGroup;
			children = (
				7EE59D7229DDF2CB00BF55AA /* Location.swift */,
				7EE59D7429DDF2D800BF55AA /* Character.swift */,
				7EE59D7E29DE074600BF55AA /* CharacterStatus.swift */,
				7EE59D8029DE075700BF55AA /* CharacterGender.swift */,
				7EE59D8229DE076700BF55AA /* Origin.swift */,
				7EE59D8429DE077900BF55AA /* SingleLocation.swift */,
			);
			path = Data;
			sourceTree = "<group>";
		};
		7E55BFEA29DF53C700B8A066 /* APIResponseTypes */ = {
			isa = PBXGroup;
			children = (
				7E55BFEB29DF53F600B8A066 /* GetAllCharactersResponse.swift */,
			);
			path = APIResponseTypes;
			sourceTree = "<group>";
		};
		7EE59D4929DDF11C00BF55AA = {
			isa = PBXGroup;
			children = (
				7EE59D5429DDF11C00BF55AA /* RickAndMorty */,
				7EE59D5329DDF11C00BF55AA /* Products */,
			);
			sourceTree = "<group>";
		};
		7EE59D5329DDF11C00BF55AA /* Products */ = {
			isa = PBXGroup;
			children = (
				7EE59D5229DDF11C00BF55AA /* RickAndMorty.app */,
			);
			name = Products;
			sourceTree = "<group>";
		};
		7EE59D5429DDF11C00BF55AA /* RickAndMorty */ = {
			isa = PBXGroup;
			children = (
				7EE59D6B29DDF18F00BF55AA /* Resources */,
				7EE59D7029DDF1C700BF55AA /* Models */,
				7EE59D6E29DDF1B700BF55AA /* ViewModels */,
				7EE59D6F29DDF1BF00BF55AA /* Views */,
				7EE59D6D29DDF1A800BF55AA /* APIClient */,
				7EE59D6C29DDF19700BF55AA /* Managers */,
				7EE59D7129DDF1CD00BF55AA /* Controllers */,
				7EE59D5B29DDF11C00BF55AA /* Main.storyboard */,
				7EE59D6329DDF11D00BF55AA /* Info.plist */,
			);
			path = RickAndMorty;
			sourceTree = "<group>";
		};
		7EE59D6B29DDF18F00BF55AA /* Resources */ = {
			isa = PBXGroup;
			children = (
				7EE59D5E29DDF11D00BF55AA /* Assets.xcassets */,
				7EE59D6029DDF11D00BF55AA /* LaunchScreen.storyboard */,
				7EE59D5729DDF11C00BF55AA /* SceneDelegate.swift */,
				7EE59D5529DDF11C00BF55AA /* AppDelegate.swift */,
			);
			path = Resources;
			sourceTree = "<group>";
		};
		7EE59D6C29DDF19700BF55AA /* Managers */ = {
			isa = PBXGroup;
			children = (
				7E55BFF529DF7AF600B8A066 /* ImageLoader.swift */,
			);
			path = Managers;
			sourceTree = "<group>";
		};
		7EE59D6D29DDF1A800BF55AA /* APIClient */ = {
			isa = PBXGroup;
			children = (
				7EE59D7829DDFE0800BF55AA /* Service.swift */,
				7EE59D7A29DDFE3100BF55AA /* Request.swift */,
				7EE59D7C29DDFF0A00BF55AA /* Endpoint.swift */,
			);
			path = APIClient;
			sourceTree = "<group>";
		};
		7EE59D6E29DDF1B700BF55AA /* ViewModels */ = {
			isa = PBXGroup;
			children = (
				7E55BFED29DF568400B8A066 /* CharacterListViewModel.swift */,
				7E55BFF329DF746700B8A066 /* CharacterCollectionViewCellViewModel.swift */,
				7E06030529E36CD400FAF609 /* LocationCollectionViewCellViewModel.swift */,
			);
			path = ViewModels;
			sourceTree = "<group>";
		};
		7EE59D6F29DDF1BF00BF55AA /* Views */ = {
			isa = PBXGroup;
			children = (
				7E55BFEF29DF573200B8A066 /* CharacterListView.swift */,
				7E55BFF129DF735200B8A066 /* CharacterCollectionViewCell.swift */,
				7E55BFF729DF7EBA00B8A066 /* FooterLoadingCollectionReusableView.swift */,
				7E06030329E36B8300FAF609 /* LocationCollectionViewCell.swift */,
			);
			path = Views;
			sourceTree = "<group>";
		};
		7EE59D7029DDF1C700BF55AA /* Models */ = {
			isa = PBXGroup;
			children = (
				7E55BFEA29DF53C700B8A066 /* APIResponseTypes */,
				7E55BFE829DF537300B8A066 /* Data */,
			);
			path = Models;
			sourceTree = "<group>";
		};
		7EE59D7129DDF1CD00BF55AA /* Controllers */ = {
			isa = PBXGroup;
			children = (
				7EE59D5929DDF11C00BF55AA /* ViewController.swift */,
				7EE59D7629DDF33900BF55AA /* CharacterDetailViewController.swift */,
			);
			path = Controllers;
			sourceTree = "<group>";
		};
/* End PBXGroup section */

/* Begin PBXNativeTarget section */
		7EE59D5129DDF11C00BF55AA /* RickAndMorty */ = {
			isa = PBXNativeTarget;
			buildConfigurationList = 7EE59D6629DDF11D00BF55AA /* Build configuration list for PBXNativeTarget "RickAndMorty" */;
			buildPhases = (
				7EE59D4E29DDF11C00BF55AA /* Sources */,
				7EE59D4F29DDF11C00BF55AA /* Frameworks */,
				7EE59D5029DDF11C00BF55AA /* Resources */,
			);
			buildRules = (
			);
			dependencies = (
			);
			name = RickAndMorty;
			productName = RickAndMorty;
			productReference = 7EE59D5229DDF11C00BF55AA /* RickAndMorty.app */;
			productType = "com.apple.product-type.application";
		};
/* End PBXNativeTarget section */

/* Begin PBXProject section */
		7EE59D4A29DDF11C00BF55AA /* Project object */ = {
			isa = PBXProject;
			attributes = {
				BuildIndependentTargetsInParallel = 1;
				LastSwiftUpdateCheck = 1400;
				LastUpgradeCheck = 1400;
				TargetAttributes = {
					7EE59D5129DDF11C00BF55AA = {
						CreatedOnToolsVersion = 14.0.1;
					};
				};
			};
			buildConfigurationList = 7EE59D4D29DDF11C00BF55AA /* Build configuration list for PBXProject "RickAndMorty" */;
			compatibilityVersion = "Xcode 14.0";
			developmentRegion = en;
			hasScannedForEncodings = 0;
			knownRegions = (
				en,
				Base,
			);
			mainGroup = 7EE59D4929DDF11C00BF55AA;
			productRefGroup = 7EE59D5329DDF11C00BF55AA /* Products */;
			projectDirPath = "";
			projectRoot = "";
			targets = (
				7EE59D5129DDF11C00BF55AA /* RickAndMorty */,
			);
		};
/* End PBXProject section */

/* Begin PBXResourcesBuildPhase section */
		7EE59D5029DDF11C00BF55AA /* Resources */ = {
			isa = PBXResourcesBuildPhase;
			buildActionMask = 2147483647;
			files = (
				7EE59D6229DDF11D00BF55AA /* LaunchScreen.storyboard in Resources */,
				7EE59D5F29DDF11D00BF55AA /* Assets.xcassets in Resources */,
				7EE59D5D29DDF11C00BF55AA /* Main.storyboard in Resources */,
			);
			runOnlyForDeploymentPostprocessing = 0;
		};
/* End PBXResourcesBuildPhase section */

/* Begin PBXSourcesBuildPhase section */
		7EE59D4E29DDF11C00BF55AA /* Sources */ = {
			isa = PBXSourcesBuildPhase;
			buildActionMask = 2147483647;
			files = (
				7EE59D5A29DDF11C00BF55AA /* ViewController.swift in Sources */,
				7EE59D7D29DDFF0A00BF55AA /* Endpoint.swift in Sources */,
				7EE59D7B29DDFE3100BF55AA /* Request.swift in Sources */,
				7EE59D7929DDFE0800BF55AA /* Service.swift in Sources */,
				7EE59D7729DDF33900BF55AA /* CharacterDetailViewController.swift in Sources */,
				7E06030429E36B8300FAF609 /* LocationCollectionViewCell.swift in Sources */,
				7EE59D5629DDF11C00BF55AA /* AppDelegate.swift in Sources */,
				7E55BFF229DF735200B8A066 /* CharacterCollectionViewCell.swift in Sources */,
				7E55BFF029DF573200B8A066 /* CharacterListView.swift in Sources */,
				7EE59D7529DDF2D800BF55AA /* Character.swift in Sources */,
				7E55BFF629DF7AF600B8A066 /* ImageLoader.swift in Sources */,
				7EE59D7F29DE074600BF55AA /* CharacterStatus.swift in Sources */,
				7E55BFF829DF7EBA00B8A066 /* FooterLoadingCollectionReusableView.swift in Sources */,
				7EE59D7329DDF2CB00BF55AA /* Location.swift in Sources */,
				7E06030629E36CD500FAF609 /* LocationCollectionViewCellViewModel.swift in Sources */,
				7E55BFEC29DF53F600B8A066 /* GetAllCharactersResponse.swift in Sources */,
				7EE59D8129DE075700BF55AA /* CharacterGender.swift in Sources */,
				7EE59D5829DDF11C00BF55AA /* SceneDelegate.swift in Sources */,
				7EE59D8329DE076700BF55AA /* Origin.swift in Sources */,
				7E55BFEE29DF568400B8A066 /* CharacterListViewModel.swift in Sources */,
				7EE59D8529DE077900BF55AA /* SingleLocation.swift in Sources */,
				7E55BFF429DF746700B8A066 /* CharacterCollectionViewCellViewModel.swift in Sources */,
			);
			runOnlyForDeploymentPostprocessing = 0;
		};
/* End PBXSourcesBuildPhase section */

/* Begin PBXVariantGroup section */
		7EE59D5B29DDF11C00BF55AA /* Main.storyboard */ = {
			isa = PBXVariantGroup;
			children = (
				7EE59D5C29DDF11C00BF55AA /* Base */,
			);
			name = Main.storyboard;
			sourceTree = "<group>";
		};
		7EE59D6029DDF11D00BF55AA /* LaunchScreen.storyboard */ = {
			isa = PBXVariantGroup;
			children = (
				7EE59D6129DDF11D00BF55AA /* Base */,
			);
			name = LaunchScreen.storyboard;
			sourceTree = "<group>";
		};
/* End PBXVariantGroup section */

/* Begin XCBuildConfiguration section */
		7EE59D6429DDF11D00BF55AA /* Debug */ = {
			isa = XCBuildConfiguration;
			buildSettings = {
				ALWAYS_SEARCH_USER_PATHS = NO;
				CLANG_ANALYZER_NONNULL = YES;
				CLANG_ANALYZER_NUMBER_OBJECT_CONVERSION = YES_AGGRESSIVE;
				CLANG_CXX_LANGUAGE_STANDARD = "gnu++20";
				CLANG_ENABLE_MODULES = YES;
				CLANG_ENABLE_OBJC_ARC = YES;
				CLANG_ENABLE_OBJC_WEAK = YES;
				CLANG_WARN_BLOCK_CAPTURE_AUTORELEASING = YES;
				CLANG_WARN_BOOL_CONVERSION = YES;
				CLANG_WARN_COMMA = YES;
				CLANG_WARN_CONSTANT_CONVERSION = YES;
				CLANG_WARN_DEPRECATED_OBJC_IMPLEMENTATIONS = YES;
				CLANG_WARN_DIRECT_OBJC_ISA_USAGE = YES_ERROR;
				CLANG_WARN_DOCUMENTATION_COMMENTS = YES;
				CLANG_WARN_EMPTY_BODY = YES;
				CLANG_WARN_ENUM_CONVERSION = YES;
				CLANG_WARN_INFINITE_RECURSION = YES;
				CLANG_WARN_INT_CONVERSION = YES;
				CLANG_WARN_NON_LITERAL_NULL_CONVERSION = YES;
				CLANG_WARN_OBJC_IMPLICIT_RETAIN_SELF = YES;
				CLANG_WARN_OBJC_LITERAL_CONVERSION = YES;
				CLANG_WARN_OBJC_ROOT_CLASS = YES_ERROR;
				CLANG_WARN_QUOTED_INCLUDE_IN_FRAMEWORK_HEADER = YES;
				CLANG_WARN_RANGE_LOOP_ANALYSIS = YES;
				CLANG_WARN_STRICT_PROTOTYPES = YES;
				CLANG_WARN_SUSPICIOUS_MOVE = YES;
				CLANG_WARN_UNGUARDED_AVAILABILITY = YES_AGGRESSIVE;
				CLANG_WARN_UNREACHABLE_CODE = YES;
				CLANG_WARN__DUPLICATE_METHOD_MATCH = YES;
				COPY_PHASE_STRIP = NO;
				DEBUG_INFORMATION_FORMAT = dwarf;
				ENABLE_STRICT_OBJC_MSGSEND = YES;
				ENABLE_TESTABILITY = YES;
				GCC_C_LANGUAGE_STANDARD = gnu11;
				GCC_DYNAMIC_NO_PIC = NO;
				GCC_NO_COMMON_BLOCKS = YES;
				GCC_OPTIMIZATION_LEVEL = 0;
				GCC_PREPROCESSOR_DEFINITIONS = (
					"DEBUG=1",
					"$(inherited)",
				);
				GCC_WARN_64_TO_32_BIT_CONVERSION = YES;
				GCC_WARN_ABOUT_RETURN_TYPE = YES_ERROR;
				GCC_WARN_UNDECLARED_SELECTOR = YES;
				GCC_WARN_UNINITIALIZED_AUTOS = YES_AGGRESSIVE;
				GCC_WARN_UNUSED_FUNCTION = YES;
				GCC_WARN_UNUSED_VARIABLE = YES;
				IPHONEOS_DEPLOYMENT_TARGET = 16.0;
				MTL_ENABLE_DEBUG_INFO = INCLUDE_SOURCE;
				MTL_FAST_MATH = YES;
				ONLY_ACTIVE_ARCH = YES;
				SDKROOT = iphoneos;
				SWIFT_ACTIVE_COMPILATION_CONDITIONS = DEBUG;
				SWIFT_OPTIMIZATION_LEVEL = "-Onone";
			};
			name = Debug;
		};
		7EE59D6529DDF11D00BF55AA /* Release */ = {
			isa = XCBuildConfiguration;
			buildSettings = {
				ALWAYS_SEARCH_USER_PATHS = NO;
				CLANG_ANALYZER_NONNULL = YES;
				CLANG_ANALYZER_NUMBER_OBJECT_CONVERSION = YES_AGGRESSIVE;
				CLANG_CXX_LANGUAGE_STANDARD = "gnu++20";
				CLANG_ENABLE_MODULES = YES;
				CLANG_ENABLE_OBJC_ARC = YES;
				CLANG_ENABLE_OBJC_WEAK = YES;
				CLANG_WARN_BLOCK_CAPTURE_AUTORELEASING = YES;
				CLANG_WARN_BOOL_CONVERSION = YES;
				CLANG_WARN_COMMA = YES;
				CLANG_WARN_CONSTANT_CONVERSION = YES;
				CLANG_WARN_DEPRECATED_OBJC_IMPLEMENTATIONS = YES;
				CLANG_WARN_DIRECT_OBJC_ISA_USAGE = YES_ERROR;
				CLANG_WARN_DOCUMENTATION_COMMENTS = YES;
				CLANG_WARN_EMPTY_BODY = YES;
				CLANG_WARN_ENUM_CONVERSION = YES;
				CLANG_WARN_INFINITE_RECURSION = YES;
				CLANG_WARN_INT_CONVERSION = YES;
				CLANG_WARN_NON_LITERAL_NULL_CONVERSION = YES;
				CLANG_WARN_OBJC_IMPLICIT_RETAIN_SELF = YES;
				CLANG_WARN_OBJC_LITERAL_CONVERSION = YES;
				CLANG_WARN_OBJC_ROOT_CLASS = YES_ERROR;
				CLANG_WARN_QUOTED_INCLUDE_IN_FRAMEWORK_HEADER = YES;
				CLANG_WARN_RANGE_LOOP_ANALYSIS = YES;
				CLANG_WARN_STRICT_PROTOTYPES = YES;
				CLANG_WARN_SUSPICIOUS_MOVE = YES;
				CLANG_WARN_UNGUARDED_AVAILABILITY = YES_AGGRESSIVE;
				CLANG_WARN_UNREACHABLE_CODE = YES;
				CLANG_WARN__DUPLICATE_METHOD_MATCH = YES;
				COPY_PHASE_STRIP = NO;
				DEBUG_INFORMATION_FORMAT = "dwarf-with-dsym";
				ENABLE_NS_ASSERTIONS = NO;
				ENABLE_STRICT_OBJC_MSGSEND = YES;
				GCC_C_LANGUAGE_STANDARD = gnu11;
				GCC_NO_COMMON_BLOCKS = YES;
				GCC_WARN_64_TO_32_BIT_CONVERSION = YES;
				GCC_WARN_ABOUT_RETURN_TYPE = YES_ERROR;
				GCC_WARN_UNDECLARED_SELECTOR = YES;
				GCC_WARN_UNINITIALIZED_AUTOS = YES_AGGRESSIVE;
				GCC_WARN_UNUSED_FUNCTION = YES;
				GCC_WARN_UNUSED_VARIABLE = YES;
				IPHONEOS_DEPLOYMENT_TARGET = 16.0;
				MTL_ENABLE_DEBUG_INFO = NO;
				MTL_FAST_MATH = YES;
				SDKROOT = iphoneos;
				SWIFT_COMPILATION_MODE = wholemodule;
				SWIFT_OPTIMIZATION_LEVEL = "-O";
				VALIDATE_PRODUCT = YES;
			};
			name = Release;
		};
		7EE59D6729DDF11D00BF55AA /* Debug */ = {
			isa = XCBuildConfiguration;
			buildSettings = {
				ASSETCATALOG_COMPILER_APPICON_NAME = AppIcon;
				ASSETCATALOG_COMPILER_GLOBAL_ACCENT_COLOR_NAME = AccentColor;
				CODE_SIGN_STYLE = Automatic;
				CURRENT_PROJECT_VERSION = 1;
				GENERATE_INFOPLIST_FILE = YES;
				INFOPLIST_FILE = RickAndMorty/Info.plist;
				INFOPLIST_KEY_UIApplicationSupportsIndirectInputEvents = YES;
				INFOPLIST_KEY_UILaunchStoryboardName = LaunchScreen;
				INFOPLIST_KEY_UIMainStoryboardFile = Main;
				INFOPLIST_KEY_UISupportedInterfaceOrientations_iPad = "UIInterfaceOrientationPortrait UIInterfaceOrientationPortraitUpsideDown UIInterfaceOrientationLandscapeLeft UIInterfaceOrientationLandscapeRight";
				INFOPLIST_KEY_UISupportedInterfaceOrientations_iPhone = "UIInterfaceOrientationPortrait UIInterfaceOrientationLandscapeLeft UIInterfaceOrientationLandscapeRight";
				LD_RUNPATH_SEARCH_PATHS = (
					"$(inherited)",
					"@executable_path/Frameworks",
				);
				MARKETING_VERSION = 1.0;
				PRODUCT_BUNDLE_IDENTIFIER = com.esralin.RickAndMorty;
				PRODUCT_NAME = "$(TARGET_NAME)";
				SWIFT_EMIT_LOC_STRINGS = YES;
				SWIFT_VERSION = 5.0;
				TARGETED_DEVICE_FAMILY = "1,2";
			};
			name = Debug;
		};
		7EE59D6829DDF11D00BF55AA /* Release */ = {
			isa = XCBuildConfiguration;
			buildSettings = {
				ASSETCATALOG_COMPILER_APPICON_NAME = AppIcon;
				ASSETCATALOG_COMPILER_GLOBAL_ACCENT_COLOR_NAME = AccentColor;
				CODE_SIGN_STYLE = Automatic;
				CURRENT_PROJECT_VERSION = 1;
				GENERATE_INFOPLIST_FILE = YES;
				INFOPLIST_FILE = RickAndMorty/Info.plist;
				INFOPLIST_KEY_UIApplicationSupportsIndirectInputEvents = YES;
				INFOPLIST_KEY_UILaunchStoryboardName = LaunchScreen;
				INFOPLIST_KEY_UIMainStoryboardFile = Main;
				INFOPLIST_KEY_UISupportedInterfaceOrientations_iPad = "UIInterfaceOrientationPortrait UIInterfaceOrientationPortraitUpsideDown UIInterfaceOrientationLandscapeLeft UIInterfaceOrientationLandscapeRight";
				INFOPLIST_KEY_UISupportedInterfaceOrientations_iPhone = "UIInterfaceOrientationPortrait UIInterfaceOrientationLandscapeLeft UIInterfaceOrientationLandscapeRight";
				LD_RUNPATH_SEARCH_PATHS = (
					"$(inherited)",
					"@executable_path/Frameworks",
				);
				MARKETING_VERSION = 1.0;
				PRODUCT_BUNDLE_IDENTIFIER = com.esralin.RickAndMorty;
				PRODUCT_NAME = "$(TARGET_NAME)";
				SWIFT_EMIT_LOC_STRINGS = YES;
				SWIFT_VERSION = 5.0;
				TARGETED_DEVICE_FAMILY = "1,2";
			};
			name = Release;
		};
/* End XCBuildConfiguration section */

/* Begin XCConfigurationList section */
		7EE59D4D29DDF11C00BF55AA /* Build configuration list for PBXProject "RickAndMorty" */ = {
			isa = XCConfigurationList;
			buildConfigurations = (
				7EE59D6429DDF11D00BF55AA /* Debug */,
				7EE59D6529DDF11D00BF55AA /* Release */,
			);
			defaultConfigurationIsVisible = 0;
			defaultConfigurationName = Release;
		};
		7EE59D6629DDF11D00BF55AA /* Build configuration list for PBXNativeTarget "RickAndMorty" */ = {
			isa = XCConfigurationList;
			buildConfigurations = (
				7EE59D6729DDF11D00BF55AA /* Debug */,
				7EE59D6829DDF11D00BF55AA /* Release */,
			);
			defaultConfigurationIsVisible = 0;
			defaultConfigurationName = Release;
		};
/* End XCConfigurationList section */
	};
	rootObject = 7EE59D4A29DDF11C00BF55AA /* Project object */;
}
